// !$*UTF8*$!
{
	archiveVersion = 1;
	classes = {
	};
	objectVersion = 55;
	objects = {

/* Begin PBXBuildFile section */
		5E081EED2B0BB7FB00064A2F /* Tests_iOS.swift in Sources */ = {isa = PBXBuildFile; fileRef = 5E081EEC2B0BB7FB00064A2F /* Tests_iOS.swift */; };
		5E081EEF2B0BB7FB00064A2F /* Tests_iOSLaunchTests.swift in Sources */ = {isa = PBXBuildFile; fileRef = 5E081EEE2B0BB7FB00064A2F /* Tests_iOSLaunchTests.swift */; };
		5E081EF92B0BB7FB00064A2F /* Tests_macOS.swift in Sources */ = {isa = PBXBuildFile; fileRef = 5E081EF82B0BB7FB00064A2F /* Tests_macOS.swift */; };
		5E081EFB2B0BB7FB00064A2F /* Tests_macOSLaunchTests.swift in Sources */ = {isa = PBXBuildFile; fileRef = 5E081EFA2B0BB7FB00064A2F /* Tests_macOSLaunchTests.swift */; };
		5E081EFC2B0BB7FB00064A2F /* SlideNumberApp.swift in Sources */ = {isa = PBXBuildFile; fileRef = 5E081ED42B0BB7F900064A2F /* SlideNumberApp.swift */; };
		5E081EFD2B0BB7FB00064A2F /* SlideNumberApp.swift in Sources */ = {isa = PBXBuildFile; fileRef = 5E081ED42B0BB7F900064A2F /* SlideNumberApp.swift */; };
		5E081EFE2B0BB7FB00064A2F /* ContentView.swift in Sources */ = {isa = PBXBuildFile; fileRef = 5E081ED52B0BB7F900064A2F /* ContentView.swift */; };
		5E081EFF2B0BB7FB00064A2F /* ContentView.swift in Sources */ = {isa = PBXBuildFile; fileRef = 5E081ED52B0BB7F900064A2F /* ContentView.swift */; };
		5E081F002B0BB7FB00064A2F /* Assets.xcassets in Resources */ = {isa = PBXBuildFile; fileRef = 5E081ED62B0BB7FB00064A2F /* Assets.xcassets */; };
		5E081F012B0BB7FB00064A2F /* Assets.xcassets in Resources */ = {isa = PBXBuildFile; fileRef = 5E081ED62B0BB7FB00064A2F /* Assets.xcassets */; };
/* End PBXBuildFile section */

/* Begin PBXContainerItemProxy section */
		5E081EE92B0BB7FB00064A2F /* PBXContainerItemProxy */ = {
			isa = PBXContainerItemProxy;
			containerPortal = 5E081ECF2B0BB7F900064A2F /* Project object */;
			proxyType = 1;
			remoteGlobalIDString = 5E081EDA2B0BB7FB00064A2F;
			remoteInfo = "SlideNumber (iOS)";
		};
		5E081EF52B0BB7FB00064A2F /* PBXContainerItemProxy */ = {
			isa = PBXContainerItemProxy;
			containerPortal = 5E081ECF2B0BB7F900064A2F /* Project object */;
			proxyType = 1;
			remoteGlobalIDString = 5E081EE02B0BB7FB00064A2F;
			remoteInfo = "SlideNumber (macOS)";
		};
/* End PBXContainerItemProxy section */

/* Begin PBXFileReference section */
		5E081ED42B0BB7F900064A2F /* SlideNumberApp.swift */ = {isa = PBXFileReference; lastKnownFileType = sourcecode.swift; path = SlideNumberApp.swift; sourceTree = "<group>"; };
		5E081ED52B0BB7F900064A2F /* ContentView.swift */ = {isa = PBXFileReference; lastKnownFileType = sourcecode.swift; path = ContentView.swift; sourceTree = "<group>"; };
		5E081ED62B0BB7FB00064A2F /* Assets.xcassets */ = {isa = PBXFileReference; lastKnownFileType = folder.assetcatalog; path = Assets.xcassets; sourceTree = "<group>"; };
		5E081EDB2B0BB7FB00064A2F /* SlideNumber.app */ = {isa = PBXFileReference; explicitFileType = wrapper.application; includeInIndex = 0; path = SlideNumber.app; sourceTree = BUILT_PRODUCTS_DIR; };
		5E081EE12B0BB7FB00064A2F /* SlideNumber.app */ = {isa = PBXFileReference; explicitFileType = wrapper.application; includeInIndex = 0; path = SlideNumber.app; sourceTree = BUILT_PRODUCTS_DIR; };
		5E081EE32B0BB7FB00064A2F /* macOS.entitlements */ = {isa = PBXFileReference; lastKnownFileType = text.plist.entitlements; path = macOS.entitlements; sourceTree = "<group>"; };
		5E081EE82B0BB7FB00064A2F /* Tests iOS.xctest */ = {isa = PBXFileReference; explicitFileType = wrapper.cfbundle; includeInIndex = 0; path = "Tests iOS.xctest"; sourceTree = BUILT_PRODUCTS_DIR; };
		5E081EEC2B0BB7FB00064A2F /* Tests_iOS.swift */ = {isa = PBXFileReference; lastKnownFileType = sourcecode.swift; path = Tests_iOS.swift; sourceTree = "<group>"; };
		5E081EEE2B0BB7FB00064A2F /* Tests_iOSLaunchTests.swift */ = {isa = PBXFileReference; lastKnownFileType = sourcecode.swift; path = Tests_iOSLaunchTests.swift; sourceTree = "<group>"; };
		5E081EF42B0BB7FB00064A2F /* Tests macOS.xctest */ = {isa = PBXFileReference; explicitFileType = wrapper.cfbundle; includeInIndex = 0; path = "Tests macOS.xctest"; sourceTree = BUILT_PRODUCTS_DIR; };
		5E081EF82B0BB7FB00064A2F /* Tests_macOS.swift */ = {isa = PBXFileReference; lastKnownFileType = sourcecode.swift; path = Tests_macOS.swift; sourceTree = "<group>"; };
		5E081EFA2B0BB7FB00064A2F /* Tests_macOSLaunchTests.swift */ = {isa = PBXFileReference; lastKnownFileType = sourcecode.swift; path = Tests_macOSLaunchTests.swift; sourceTree = "<group>"; };
/* End PBXFileReference section */

/* Begin PBXFrameworksBuildPhase section */
		5E081ED82B0BB7FB00064A2F /* Frameworks */ = {
			isa = PBXFrameworksBuildPhase;
			buildActionMask = 2147483647;
			files = (
			);
			runOnlyForDeploymentPostprocessing = 0;
		};
		5E081EDE2B0BB7FB00064A2F /* Frameworks */ = {
			isa = PBXFrameworksBuildPhase;
			buildActionMask = 2147483647;
			files = (
			);
			runOnlyForDeploymentPostprocessing = 0;
		};
		5E081EE52B0BB7FB00064A2F /* Frameworks */ = {
			isa = PBXFrameworksBuildPhase;
			buildActionMask = 2147483647;
			files = (
			);
			runOnlyForDeploymentPostprocessing = 0;
		};
		5E081EF12B0BB7FB00064A2F /* Frameworks */ = {
			isa = PBXFrameworksBuildPhase;
			buildActionMask = 2147483647;
			files = (
			);
			runOnlyForDeploymentPostprocessing = 0;
		};
/* End PBXFrameworksBuildPhase section */

/* Begin PBXGroup section */
		5E081ECE2B0BB7F900064A2F = {
			isa = PBXGroup;
			children = (
				5E081ED32B0BB7F900064A2F /* Shared */,
				5E081EE22B0BB7FB00064A2F /* macOS */,
				5E081EEB2B0BB7FB00064A2F /* Tests iOS */,
				5E081EF72B0BB7FB00064A2F /* Tests macOS */,
				5E081EDC2B0BB7FB00064A2F /* Products */,
			);
			sourceTree = "<group>";
		};
		5E081ED32B0BB7F900064A2F /* Shared */ = {
			isa = PBXGroup;
			children = (
				5E081ED42B0BB7F900064A2F /* SlideNumberApp.swift */,
				5E081ED52B0BB7F900064A2F /* ContentView.swift */,
				5E081ED62B0BB7FB00064A2F /* Assets.xcassets */,
			);
			path = Shared;
			sourceTree = "<group>";
		};
		5E081EDC2B0BB7FB00064A2F /* Products */ = {
			isa = PBXGroup;
			children = (
				5E081EDB2B0BB7FB00064A2F /* SlideNumber.app */,
				5E081EE12B0BB7FB00064A2F /* SlideNumber.app */,
				5E081EE82B0BB7FB00064A2F /* Tests iOS.xctest */,
				5E081EF42B0BB7FB00064A2F /* Tests macOS.xctest */,
			);
			name = Products;
			sourceTree = "<group>";
		};
		5E081EE22B0BB7FB00064A2F /* macOS */ = {
			isa = PBXGroup;
			children = (
				5E081EE32B0BB7FB00064A2F /* macOS.entitlements */,
			);
			path = macOS;
			sourceTree = "<group>";
		};
		5E081EEB2B0BB7FB00064A2F /* Tests iOS */ = {
			isa = PBXGroup;
			children = (
				5E081EEC2B0BB7FB00064A2F /* Tests_iOS.swift */,
				5E081EEE2B0BB7FB00064A2F /* Tests_iOSLaunchTests.swift */,
			);
			path = "Tests iOS";
			sourceTree = "<group>";
		};
		5E081EF72B0BB7FB00064A2F /* Tests macOS */ = {
			isa = PBXGroup;
			children = (
				5E081EF82B0BB7FB00064A2F /* Tests_macOS.swift */,
				5E081EFA2B0BB7FB00064A2F /* Tests_macOSLaunchTests.swift */,
			);
			path = "Tests macOS";
			sourceTree = "<group>";
		};
/* End PBXGroup section */

/* Begin PBXNativeTarget section */
		5E081EDA2B0BB7FB00064A2F /* SlideNumber (iOS) */ = {
			isa = PBXNativeTarget;
			buildConfigurationList = 5E081F042B0BB7FB00064A2F /* Build configuration list for PBXNativeTarget "SlideNumber (iOS)" */;
			buildPhases = (
				5E081ED72B0BB7FB00064A2F /* Sources */,
				5E081ED82B0BB7FB00064A2F /* Frameworks */,
				5E081ED92B0BB7FB00064A2F /* Resources */,
			);
			buildRules = (
			);
			dependencies = (
			);
			name = "SlideNumber (iOS)";
			productName = "SlideNumber (iOS)";
			productReference = 5E081EDB2B0BB7FB00064A2F /* SlideNumber.app */;
			productType = "com.apple.product-type.application";
		};
		5E081EE02B0BB7FB00064A2F /* SlideNumber (macOS) */ = {
			isa = PBXNativeTarget;
			buildConfigurationList = 5E081F072B0BB7FB00064A2F /* Build configuration list for PBXNativeTarget "SlideNumber (macOS)" */;
			buildPhases = (
				5E081EDD2B0BB7FB00064A2F /* Sources */,
				5E081EDE2B0BB7FB00064A2F /* Frameworks */,
				5E081EDF2B0BB7FB00064A2F /* Resources */,
			);
			buildRules = (
			);
			dependencies = (
			);
			name = "SlideNumber (macOS)";
			productName = "SlideNumber (macOS)";
			productReference = 5E081EE12B0BB7FB00064A2F /* SlideNumber.app */;
			productType = "com.apple.product-type.application";
		};
		5E081EE72B0BB7FB00064A2F /* Tests iOS */ = {
			isa = PBXNativeTarget;
			buildConfigurationList = 5E081F0A2B0BB7FB00064A2F /* Build configuration list for PBXNativeTarget "Tests iOS" */;
			buildPhases = (
				5E081EE42B0BB7FB00064A2F /* Sources */,
				5E081EE52B0BB7FB00064A2F /* Frameworks */,
				5E081EE62B0BB7FB00064A2F /* Resources */,
			);
			buildRules = (
			);
			dependencies = (
				5E081EEA2B0BB7FB00064A2F /* PBXTargetDependency */,
			);
			name = "Tests iOS";
			productName = "Tests iOS";
			productReference = 5E081EE82B0BB7FB00064A2F /* Tests iOS.xctest */;
			productType = "com.apple.product-type.bundle.ui-testing";
		};
		5E081EF32B0BB7FB00064A2F /* Tests macOS */ = {
			isa = PBXNativeTarget;
			buildConfigurationList = 5E081F0D2B0BB7FB00064A2F /* Build configuration list for PBXNativeTarget "Tests macOS" */;
			buildPhases = (
				5E081EF02B0BB7FB00064A2F /* Sources */,
				5E081EF12B0BB7FB00064A2F /* Frameworks */,
				5E081EF22B0BB7FB00064A2F /* Resources */,
			);
			buildRules = (
			);
			dependencies = (
				5E081EF62B0BB7FB00064A2F /* PBXTargetDependency */,
			);
			name = "Tests macOS";
			productName = "Tests macOS";
			productReference = 5E081EF42B0BB7FB00064A2F /* Tests macOS.xctest */;
			productType = "com.apple.product-type.bundle.ui-testing";
		};
/* End PBXNativeTarget section */

/* Begin PBXProject section */
		5E081ECF2B0BB7F900064A2F /* Project object */ = {
			isa = PBXProject;
			attributes = {
				BuildIndependentTargetsInParallel = 1;
				LastSwiftUpdateCheck = 1340;
				LastUpgradeCheck = 1340;
				TargetAttributes = {
					5E081EDA2B0BB7FB00064A2F = {
						CreatedOnToolsVersion = 13.4.1;
					};
					5E081EE02B0BB7FB00064A2F = {
						CreatedOnToolsVersion = 13.4.1;
					};
					5E081EE72B0BB7FB00064A2F = {
						CreatedOnToolsVersion = 13.4.1;
						TestTargetID = 5E081EDA2B0BB7FB00064A2F;
					};
					5E081EF32B0BB7FB00064A2F = {
						CreatedOnToolsVersion = 13.4.1;
						TestTargetID = 5E081EE02B0BB7FB00064A2F;
					};
				};
			};
			buildConfigurationList = 5E081ED22B0BB7F900064A2F /* Build configuration list for PBXProject "SlideNumber" */;
			compatibilityVersion = "Xcode 13.0";
			developmentRegion = en;
			hasScannedForEncodings = 0;
			knownRegions = (
				en,
				Base,
			);
			mainGroup = 5E081ECE2B0BB7F900064A2F;
			productRefGroup = 5E081EDC2B0BB7FB00064A2F /* Products */;
			projectDirPath = "";
			projectRoot = "";
			targets = (
				5E081EDA2B0BB7FB00064A2F /* SlideNumber (iOS) */,
				5E081EE02B0BB7FB00064A2F /* SlideNumber (macOS) */,
				5E081EE72B0BB7FB00064A2F /* Tests iOS */,
				5E081EF32B0BB7FB00064A2F /* Tests macOS */,
			);
		};
/* End PBXProject section */

/* Begin PBXResourcesBuildPhase section */
		5E081ED92B0BB7FB00064A2F /* Resources */ = {
			isa = PBXResourcesBuildPhase;
			buildActionMask = 2147483647;
			files = (
				5E081F002B0BB7FB00064A2F /* Assets.xcassets in Resources */,
			);
			runOnlyForDeploymentPostprocessing = 0;
		};
		5E081EDF2B0BB7FB00064A2F /* Resources */ = {
			isa = PBXResourcesBuildPhase;
			buildActionMask = 2147483647;
			files = (
				5E081F012B0BB7FB00064A2F /* Assets.xcassets in Resources */,
			);
			runOnlyForDeploymentPostprocessing = 0;
		};
		5E081EE62B0BB7FB00064A2F /* Resources */ = {
			isa = PBXResourcesBuildPhase;
			buildActionMask = 2147483647;
			files = (
			);
			runOnlyForDeploymentPostprocessing = 0;
		};
		5E081EF22B0BB7FB00064A2F /* Resources */ = {
			isa = PBXResourcesBuildPhase;
			buildActionMask = 2147483647;
			files = (
			);
			runOnlyForDeploymentPostprocessing = 0;
		};
/* End PBXResourcesBuildPhase section */

/* Begin PBXSourcesBuildPhase section */
		5E081ED72B0BB7FB00064A2F /* Sources */ = {
			isa = PBXSourcesBuildPhase;
			buildActionMask = 2147483647;
			files = (
				5E081EFE2B0BB7FB00064A2F /* ContentView.swift in Sources */,
				5E081EFC2B0BB7FB00064A2F /* SlideNumberApp.swift in Sources */,
			);
			runOnlyForDeploymentPostprocessing = 0;
		};
		5E081EDD2B0BB7FB00064A2F /* Sources */ = {
			isa = PBXSourcesBuildPhase;
			buildActionMask = 2147483647;
			files = (
				5E081EFF2B0BB7FB00064A2F /* ContentView.swift in Sources */,
				5E081EFD2B0BB7FB00064A2F /* SlideNumberApp.swift in Sources */,
			);
			runOnlyForDeploymentPostprocessing = 0;
		};
		5E081EE42B0BB7FB00064A2F /* Sources */ = {
			isa = PBXSourcesBuildPhase;
			buildActionMask = 2147483647;
			files = (
				5E081EEF2B0BB7FB00064A2F /* Tests_iOSLaunchTests.swift in Sources */,
				5E081EED2B0BB7FB00064A2F /* Tests_iOS.swift in Sources */,
			);
			runOnlyForDeploymentPostprocessing = 0;
		};
		5E081EF02B0BB7FB00064A2F /* Sources */ = {
			isa = PBXSourcesBuildPhase;
			buildActionMask = 2147483647;
			files = (
				5E081EFB2B0BB7FB00064A2F /* Tests_macOSLaunchTests.swift in Sources */,
				5E081EF92B0BB7FB00064A2F /* Tests_macOS.swift in Sources */,
			);
			runOnlyForDeploymentPostprocessing = 0;
		};
/* End PBXSourcesBuildPhase section */

/* Begin PBXTargetDependency section */
		5E081EEA2B0BB7FB00064A2F /* PBXTargetDependency */ = {
			isa = PBXTargetDependency;
			target = 5E081EDA2B0BB7FB00064A2F /* SlideNumber (iOS) */;
			targetProxy = 5E081EE92B0BB7FB00064A2F /* PBXContainerItemProxy */;
		};
		5E081EF62B0BB7FB00064A2F /* PBXTargetDependency */ = {
			isa = PBXTargetDependency;
			target = 5E081EE02B0BB7FB00064A2F /* SlideNumber (macOS) */;
			targetProxy = 5E081EF52B0BB7FB00064A2F /* PBXContainerItemProxy */;
		};
/* End PBXTargetDependency section */

/* Begin XCBuildConfiguration section */
		5E081F022B0BB7FB00064A2F /* Debug */ = {
			isa = XCBuildConfiguration;
			buildSettings = {
				ALWAYS_SEARCH_USER_PATHS = NO;
				CLANG_ANALYZER_NONNULL = YES;
				CLANG_ANALYZER_NUMBER_OBJECT_CONVERSION = YES_AGGRESSIVE;
				CLANG_CXX_LANGUAGE_STANDARD = "gnu++17";
				CLANG_ENABLE_MODULES = YES;
				CLANG_ENABLE_OBJC_ARC = YES;
				CLANG_ENABLE_OBJC_WEAK = YES;
				CLANG_WARN_BLOCK_CAPTURE_AUTORELEASING = YES;
				CLANG_WARN_BOOL_CONVERSION = YES;
				CLANG_WARN_COMMA = YES;
				CLANG_WARN_CONSTANT_CONVERSION = YES;
				CLANG_WARN_DEPRECATED_OBJC_IMPLEMENTATIONS = YES;
				CLANG_WARN_DIRECT_OBJC_ISA_USAGE = YES_ERROR;
				CLANG_WARN_DOCUMENTATION_COMMENTS = YES;
				CLANG_WARN_EMPTY_BODY = YES;
				CLANG_WARN_ENUM_CONVERSION = YES;
				CLANG_WARN_INFINITE_RECURSION = YES;
				CLANG_WARN_INT_CONVERSION = YES;
				CLANG_WARN_NON_LITERAL_NULL_CONVERSION = YES;
				CLANG_WARN_OBJC_IMPLICIT_RETAIN_SELF = YES;
				CLANG_WARN_OBJC_LITERAL_CONVERSION = YES;
				CLANG_WARN_OBJC_ROOT_CLASS = YES_ERROR;
				CLANG_WARN_QUOTED_INCLUDE_IN_FRAMEWORK_HEADER = YES;
				CLANG_WARN_RANGE_LOOP_ANALYSIS = YES;
				CLANG_WARN_STRICT_PROTOTYPES = YES;
				CLANG_WARN_SUSPICIOUS_MOVE = YES;
				CLANG_WARN_UNGUARDED_AVAILABILITY = YES_AGGRESSIVE;
				CLANG_WARN_UNREACHABLE_CODE = YES;
				CLANG_WARN__DUPLICATE_METHOD_MATCH = YES;
				COPY_PHASE_STRIP = NO;
				DEBUG_INFORMATION_FORMAT = dwarf;
				ENABLE_STRICT_OBJC_MSGSEND = YES;
				ENABLE_TESTABILITY = YES;
				GCC_C_LANGUAGE_STANDARD = gnu11;
				GCC_DYNAMIC_NO_PIC = NO;
				GCC_NO_COMMON_BLOCKS = YES;
				GCC_OPTIMIZATION_LEVEL = 0;
				GCC_PREPROCESSOR_DEFINITIONS = (
					"DEBUG=1",
					"$(inherited)",
				);
				GCC_WARN_64_TO_32_BIT_CONVERSION = YES;
				GCC_WARN_ABOUT_RETURN_TYPE = YES_ERROR;
				GCC_WARN_UNDECLARED_SELECTOR = YES;
				GCC_WARN_UNINITIALIZED_AUTOS = YES_AGGRESSIVE;
				GCC_WARN_UNUSED_FUNCTION = YES;
				GCC_WARN_UNUSED_VARIABLE = YES;
				MTL_ENABLE_DEBUG_INFO = INCLUDE_SOURCE;
				MTL_FAST_MATH = YES;
				ONLY_ACTIVE_ARCH = YES;
				SWIFT_ACTIVE_COMPILATION_CONDITIONS = DEBUG;
				SWIFT_OPTIMIZATION_LEVEL = "-Onone";
			};
			name = Debug;
		};
		5E081F032B0BB7FB00064A2F /* Release */ = {
			isa = XCBuildConfiguration;
			buildSettings = {
				ALWAYS_SEARCH_USER_PATHS = NO;
				CLANG_ANALYZER_NONNULL = YES;
				CLANG_ANALYZER_NUMBER_OBJECT_CONVERSION = YES_AGGRESSIVE;
				CLANG_CXX_LANGUAGE_STANDARD = "gnu++17";
				CLANG_ENABLE_MODULES = YES;
				CLANG_ENABLE_OBJC_ARC = YES;
				CLANG_ENABLE_OBJC_WEAK = YES;
				CLANG_WARN_BLOCK_CAPTURE_AUTORELEASING = YES;
				CLANG_WARN_BOOL_CONVERSION = YES;
				CLANG_WARN_COMMA = YES;
				CLANG_WARN_CONSTANT_CONVERSION = YES;
				CLANG_WARN_DEPRECATED_OBJC_IMPLEMENTATIONS = YES;
				CLANG_WARN_DIRECT_OBJC_ISA_USAGE = YES_ERROR;
				CLANG_WARN_DOCUMENTATION_COMMENTS = YES;
				CLANG_WARN_EMPTY_BODY = YES;
				CLANG_WARN_ENUM_CONVERSION = YES;
				CLANG_WARN_INFINITE_RECURSION = YES;
				CLANG_WARN_INT_CONVERSION = YES;
				CLANG_WARN_NON_LITERAL_NULL_CONVERSION = YES;
				CLANG_WARN_OBJC_IMPLICIT_RETAIN_SELF = YES;
				CLANG_WARN_OBJC_LITERAL_CONVERSION = YES;
				CLANG_WARN_OBJC_ROOT_CLASS = YES_ERROR;
				CLANG_WARN_QUOTED_INCLUDE_IN_FRAMEWORK_HEADER = YES;
				CLANG_WARN_RANGE_LOOP_ANALYSIS = YES;
				CLANG_WARN_STRICT_PROTOTYPES = YES;
				CLANG_WARN_SUSPICIOUS_MOVE = YES;
				CLANG_WARN_UNGUARDED_AVAILABILITY = YES_AGGRESSIVE;
				CLANG_WARN_UNREACHABLE_CODE = YES;
				CLANG_WARN__DUPLICATE_METHOD_MATCH = YES;
				COPY_PHASE_STRIP = NO;
				DEBUG_INFORMATION_FORMAT = "dwarf-with-dsym";
				ENABLE_NS_ASSERTIONS = NO;
				ENABLE_STRICT_OBJC_MSGSEND = YES;
				GCC_C_LANGUAGE_STANDARD = gnu11;
				GCC_NO_COMMON_BLOCKS = YES;
				GCC_WARN_64_TO_32_BIT_CONVERSION = YES;
				GCC_WARN_ABOUT_RETURN_TYPE = YES_ERROR;
				GCC_WARN_UNDECLARED_SELECTOR = YES;
				GCC_WARN_UNINITIALIZED_AUTOS = YES_AGGRESSIVE;
				GCC_WARN_UNUSED_FUNCTION = YES;
				GCC_WARN_UNUSED_VARIABLE = YES;
				MTL_ENABLE_DEBUG_INFO = NO;
				MTL_FAST_MATH = YES;
				SWIFT_COMPILATION_MODE = wholemodule;
				SWIFT_OPTIMIZATION_LEVEL = "-O";
			};
			name = Release;
		};
		5E081F052B0BB7FB00064A2F /* Debug */ = {
			isa = XCBuildConfiguration;
			buildSettings = {
				ASSETCATALOG_COMPILER_APPICON_NAME = AppIcon;
				ASSETCATALOG_COMPILER_GLOBAL_ACCENT_COLOR_NAME = AccentColor;
				CODE_SIGN_STYLE = Automatic;
				CURRENT_PROJECT_VERSION = 1;
				ENABLE_PREVIEWS = YES;
				GENERATE_INFOPLIST_FILE = YES;
				INFOPLIST_KEY_UIApplicationSceneManifest_Generation = YES;
				INFOPLIST_KEY_UIApplicationSupportsIndirectInputEvents = YES;
				INFOPLIST_KEY_UILaunchScreen_Generation = YES;
				INFOPLIST_KEY_UISupportedInterfaceOrientations_iPad = "UIInterfaceOrientationPortrait UIInterfaceOrientationPortraitUpsideDown UIInterfaceOrientationLandscapeLeft UIInterfaceOrientationLandscapeRight";
				INFOPLIST_KEY_UISupportedInterfaceOrientations_iPhone = "UIInterfaceOrientationPortrait UIInterfaceOrientationLandscapeLeft UIInterfaceOrientationLandscapeRight";
				IPHONEOS_DEPLOYMENT_TARGET = 15.5;
				LD_RUNPATH_SEARCH_PATHS = (
					"$(inherited)",
					"@executable_path/Frameworks",
				);
				MARKETING_VERSION = 1.0;
				PRODUCT_BUNDLE_IDENTIFIER = "th.ac.tu.dome-api.pattapon.SlideNumber";
				PRODUCT_NAME = SlideNumber;
				SDKROOT = iphoneos;
				SWIFT_EMIT_LOC_STRINGS = YES;
				SWIFT_VERSION = 5.0;
				TARGETED_DEVICE_FAMILY = "1,2";
			};
			name = Debug;
		};
		5E081F062B0BB7FB00064A2F /* Release */ = {
			isa = XCBuildConfiguration;
			buildSettings = {
				ASSETCATALOG_COMPILER_APPICON_NAME = AppIcon;
				ASSETCATALOG_COMPILER_GLOBAL_ACCENT_COLOR_NAME = AccentColor;
				CODE_SIGN_STYLE = Automatic;
				CURRENT_PROJECT_VERSION = 1;
				ENABLE_PREVIEWS = YES;
				GENERATE_INFOPLIST_FILE = YES;
				INFOPLIST_KEY_UIApplicationSceneManifest_Generation = YES;
				INFOPLIST_KEY_UIApplicationSupportsIndirectInputEvents = YES;
				INFOPLIST_KEY_UILaunchScreen_Generation = YES;
				INFOPLIST_KEY_UISupportedInterfaceOrientations_iPad = "UIInterfaceOrientationPortrait UIInterfaceOrientationPortraitUpsideDown UIInterfaceOrientationLandscapeLeft UIInterfaceOrientationLandscapeRight";
				INFOPLIST_KEY_UISupportedInterfaceOrientations_iPhone = "UIInterfaceOrientationPortrait UIInterfaceOrientationLandscapeLeft UIInterfaceOrientationLandscapeRight";
				IPHONEOS_DEPLOYMENT_TARGET = 15.5;
				LD_RUNPATH_SEARCH_PATHS = (
					"$(inherited)",
					"@executable_path/Frameworks",
				);
				MARKETING_VERSION = 1.0;
				PRODUCT_BUNDLE_IDENTIFIER = "th.ac.tu.dome-api.pattapon.SlideNumber";
				PRODUCT_NAME = SlideNumber;
				SDKROOT = iphoneos;
				SWIFT_EMIT_LOC_STRINGS = YES;
				SWIFT_VERSION = 5.0;
				TARGETED_DEVICE_FAMILY = "1,2";
				VALIDATE_PRODUCT = YES;
			};
			name = Release;
		};
		5E081F082B0BB7FB00064A2F /* Debug */ = {
			isa = XCBuildConfiguration;
			buildSettings = {
				ASSETCATALOG_COMPILER_APPICON_NAME = AppIcon;
				ASSETCATALOG_COMPILER_GLOBAL_ACCENT_COLOR_NAME = AccentColor;
				CODE_SIGN_ENTITLEMENTS = macOS/macOS.entitlements;
				CODE_SIGN_STYLE = Automatic;
				COMBINE_HIDPI_IMAGES = YES;
				CURRENT_PROJECT_VERSION = 1;
				ENABLE_PREVIEWS = YES;
				GENERATE_INFOPLIST_FILE = YES;
				INFOPLIST_KEY_NSHumanReadableCopyright = "";
				LD_RUNPATH_SEARCH_PATHS = (
					"$(inherited)",
					"@executable_path/../Frameworks",
				);
				MACOSX_DEPLOYMENT_TARGET = 12.3;
				MARKETING_VERSION = 1.0;
				PRODUCT_BUNDLE_IDENTIFIER = "th.ac.tu.dome-api.pattapon.SlideNumber";
				PRODUCT_NAME = SlideNumber;
				SDKROOT = macosx;
				SWIFT_EMIT_LOC_STRINGS = YES;
				SWIFT_VERSION = 5.0;
			};
			name = Debug;
		};
		5E081F092B0BB7FB00064A2F /* Release */ = {
			isa = XCBuildConfiguration;
			buildSettings = {
				ASSETCATALOG_COMPILER_APPICON_NAME = AppIcon;
				ASSETCATALOG_COMPILER_GLOBAL_ACCENT_COLOR_NAME = AccentColor;
				CODE_SIGN_ENTITLEMENTS = macOS/macOS.entitlements;
				CODE_SIGN_STYLE = Automatic;
				COMBINE_HIDPI_IMAGES = YES;
				CURRENT_PROJECT_VERSION = 1;
				ENABLE_PREVIEWS = YES;
				GENERATE_INFOPLIST_FILE = YES;
				INFOPLIST_KEY_NSHumanReadableCopyright = "";
				LD_RUNPATH_SEARCH_PATHS = (
					"$(inherited)",
					"@executable_path/../Frameworks",
				);
				MACOSX_DEPLOYMENT_TARGET = 12.3;
				MARKETING_VERSION = 1.0;
				PRODUCT_BUNDLE_IDENTIFIER = "th.ac.tu.dome-api.pattapon.SlideNumber";
				PRODUCT_NAME = SlideNumber;
				SDKROOT = macosx;
				SWIFT_EMIT_LOC_STRINGS = YES;
				SWIFT_VERSION = 5.0;
			};
			name = Release;
		};
		5E081F0B2B0BB7FB00064A2F /* Debug */ = {
			isa = XCBuildConfiguration;
			buildSettings = {
				ALWAYS_EMBED_SWIFT_STANDARD_LIBRARIES = YES;
				CODE_SIGN_STYLE = Automatic;
				CURRENT_PROJECT_VERSION = 1;
				GENERATE_INFOPLIST_FILE = YES;
				IPHONEOS_DEPLOYMENT_TARGET = 15.5;
				MARKETING_VERSION = 1.0;
				PRODUCT_BUNDLE_IDENTIFIER = "th.ac.tu.dome-api.pattapon.Tests-iOS";
				PRODUCT_NAME = "$(TARGET_NAME)";
				SDKROOT = iphoneos;
				SWIFT_EMIT_LOC_STRINGS = NO;
				SWIFT_VERSION = 5.0;
				TARGETED_DEVICE_FAMILY = "1,2";
				TEST_TARGET_NAME = "SlideNumber (iOS)";
			};
			name = Debug;
		};
		5E081F0C2B0BB7FB00064A2F /* Release */ = {
			isa = XCBuildConfiguration;
			buildSettings = {
				ALWAYS_EMBED_SWIFT_STANDARD_LIBRARIES = YES;
				CODE_SIGN_STYLE = Automatic;
				CURRENT_PROJECT_VERSION = 1;
				GENERATE_INFOPLIST_FILE = YES;
				IPHONEOS_DEPLOYMENT_TARGET = 15.5;
				MARKETING_VERSION = 1.0;
				PRODUCT_BUNDLE_IDENTIFIER = "th.ac.tu.dome-api.pattapon.Tests-iOS";
				PRODUCT_NAME = "$(TARGET_NAME)";
				SDKROOT = iphoneos;
				SWIFT_EMIT_LOC_STRINGS = NO;
				SWIFT_VERSION = 5.0;
				TARGETED_DEVICE_FAMILY = "1,2";
				TEST_TARGET_NAME = "SlideNumber (iOS)";
				VALIDATE_PRODUCT = YES;
			};
			name = Release;
		};
		5E081F0E2B0BB7FB00064A2F /* Debug */ = {
			isa = XCBuildConfiguration;
			buildSettings = {
				ALWAYS_EMBED_SWIFT_STANDARD_LIBRARIES = YES;
				CODE_SIGN_STYLE = Automatic;
				CURRENT_PROJECT_VERSION = 1;
				GENERATE_INFOPLIST_FILE = YES;
				MACOSX_DEPLOYMENT_TARGET = 12.3;
				MARKETING_VERSION = 1.0;
				PRODUCT_BUNDLE_IDENTIFIER = "th.ac.tu.dome-api.pattapon.Tests-macOS";
				PRODUCT_NAME = "$(TARGET_NAME)";
				SDKROOT = macosx;
				SWIFT_EMIT_LOC_STRINGS = NO;
				SWIFT_VERSION = 5.0;
				TEST_TARGET_NAME = "SlideNumber (macOS)";
			};
			name = Debug;
		};
		5E081F0F2B0BB7FB00064A2F /* Release */ = {
			isa = XCBuildConfiguration;
			buildSettings = {
				ALWAYS_EMBED_SWIFT_STANDARD_LIBRARIES = YES;
				CODE_SIGN_STYLE = Automatic;
				CURRENT_PROJECT_VERSION = 1;
				GENERATE_INFOPLIST_FILE = YES;
				MACOSX_DEPLOYMENT_TARGET = 12.3;
				MARKETING_VERSION = 1.0;
				PRODUCT_BUNDLE_IDENTIFIER = "th.ac.tu.dome-api.pattapon.Tests-macOS";
				PRODUCT_NAME = "$(TARGET_NAME)";
				SDKROOT = macosx;
				SWIFT_EMIT_LOC_STRINGS = NO;
				SWIFT_VERSION = 5.0;
				TEST_TARGET_NAME = "SlideNumber (macOS)";
			};
			name = Release;
		};
/* End XCBuildConfiguration section */

/* Begin XCConfigurationList section */
		5E081ED22B0BB7F900064A2F /* Build configuration list for PBXProject "SlideNumber" */ = {
			isa = XCConfigurationList;
			buildConfigurations = (
				5E081F022B0BB7FB00064A2F /* Debug */,
				5E081F032B0BB7FB00064A2F /* Release */,
			);
			defaultConfigurationIsVisible = 0;
			defaultConfigurationName = Release;
		};
		5E081F042B0BB7FB00064A2F /* Build configuration list for PBXNativeTarget "SlideNumber (iOS)" */ = {
			isa = XCConfigurationList;
			buildConfigurations = (
				5E081F052B0BB7FB00064A2F /* Debug */,
				5E081F062B0BB7FB00064A2F /* Release */,
			);
			defaultConfigurationIsVisible = 0;
			defaultConfigurationName = Release;
		};
		5E081F072B0BB7FB00064A2F /* Build configuration list for PBXNativeTarget "SlideNumber (macOS)" */ = {
			isa = XCConfigurationList;
			buildConfigurations = (
				5E081F082B0BB7FB00064A2F /* Debug */,
				5E081F092B0BB7FB00064A2F /* Release */,
			);
			defaultConfigurationIsVisible = 0;
			defaultConfigurationName = Release;
		};
		5E081F0A2B0BB7FB00064A2F /* Build configuration list for PBXNativeTarget "Tests iOS" */ = {
			isa = XCConfigurationList;
			buildConfigurations = (
				5E081F0B2B0BB7FB00064A2F /* Debug */,
				5E081F0C2B0BB7FB00064A2F /* Release */,
			);
			defaultConfigurationIsVisible = 0;
			defaultConfigurationName = Release;
		};
		5E081F0D2B0BB7FB00064A2F /* Build configuration list for PBXNativeTarget "Tests macOS" */ = {
			isa = XCConfigurationList;
			buildConfigurations = (
				5E081F0E2B0BB7FB00064A2F /* Debug */,
				5E081F0F2B0BB7FB00064A2F /* Release */,
			);
			defaultConfigurationIsVisible = 0;
			defaultConfigurationName = Release;
		};
/* End XCConfigurationList section */
	};
	rootObject = 5E081ECF2B0BB7F900064A2F /* Project object */;
}
